{
  "nodes": {
    "base16-schemes": {
      "flake": false,
      "locked": {
        "lastModified": 1696158499,
        "narHash": "sha256-5yIHgDTPjoX/3oDEfLSQ0eJZdFL1SaCfb9d6M0RmOTM=",
        "owner": "tinted-theming",
        "repo": "base16-schemes",
        "rev": "a9112eaae86d9dd8ee6bb9445b664fba2f94037a",
        "type": "github"
      },
      "original": {
        "owner": "tinted-theming",
        "repo": "base16-schemes",
        "type": "github"
      }
    },
    "flake-utils": {
      "inputs": {
        "systems": "systems"
      },
      "locked": {
        "lastModified": 1731533236,
        "narHash": "sha256-l0KFg5HjrsfsO/JpG+r7fRrqm12kzFHyUHqHCVpMMbI=",
        "owner": "numtide",
        "repo": "flake-utils",
        "rev": "11707dc2f618dd54ca8739b309ec4fc024de578b",
        "type": "github"
      },
      "original": {
        "owner": "numtide",
        "repo": "flake-utils",
        "type": "github"
      }
    },
    "freertos": {
      "flake": false,
      "locked": {
        "lastModified": 1723126959,
        "narHash": "sha256-sWO+gtPfiEHFitXYxYDYzFeZyXH3k+4gupYznVJJGPg=",
        "ref": "refs/heads/main",
        "rev": "4f7299d6ea746b27a9dd19e87af568e34bd65b15",
        "revCount": 3483,
        "submodules": true,
        "type": "git",
        "url": "https://github.com/raspberrypi/FreeRTOS-Kernel.git"
      },
      "original": {
        "submodules": true,
        "type": "git",
        "url": "https://github.com/raspberrypi/FreeRTOS-Kernel.git"
      }
    },
    "nix-colors": {
      "inputs": {
        "base16-schemes": "base16-schemes",
        "nixpkgs-lib": "nixpkgs-lib"
      },
      "locked": {
        "lastModified": 1707825078,
        "narHash": "sha256-hTfge2J2W+42SZ7VHXkf4kjU+qzFqPeC9k66jAUBMHk=",
        "owner": "misterio77",
        "repo": "nix-colors",
        "rev": "b01f024090d2c4fc3152cd0cf12027a7b8453ba1",
        "type": "github"
      },
      "original": {
        "owner": "misterio77",
        "repo": "nix-colors",
        "type": "github"
      }
    },
    "nixpkgs": {
      "locked": {
        "lastModified": 1779560665,
        "narHash": "sha256-tpyBcxPpcQb8ukyNF7DoCwfSY3VPsxHoYwj00Cayv5o=",
        "owner": "NixOS",
        "repo": "nixpkgs",
        "rev": "64c08a7ca051951c8eae34e3e3cb1e202fe36786",
        "type": "github"
      },
      "original": {
        "owner": "NixOS",
        "ref": "nixos-unstable",
        "repo": "nixpkgs",
        "type": "github"
      }
    },
    "nixpkgs-lib": {
      "locked": {
        "lastModified": 1697935651,
        "narHash": "sha256-qOfWjQ2JQSQL15KLh6D7xQhx0qgZlYZTYlcEiRuAMMw=",
        "owner": "nix-community",
        "repo": "nixpkgs.lib",
        "rev": "e1e11fdbb01113d85c7f41cada9d2847660e3902",
        "type": "github"
      },
      "original": {
        "owner": "nix-community",
        "repo": "nixpkgs.lib",
        "type": "github"
      }
    },
    "nixpkgs-stable": {
      "locked": {
        "lastModified": 1751274312,
        "narHash": "sha256-/bVBlRpECLVzjV19t5KMdMFWSwKLtb5RyXdjz3LJT+g=",
        "owner": "NixOS",
        "repo": "nixpkgs",
        "rev": "50ab793786d9de88ee30ec4e4c24fb4236fc2674",
        "type": "github"
      },
      "original": {
        "owner": "NixOS",
        "ref": "nixos-24.11",
        "repo": "nixpkgs",
        "type": "github"
      }
    },
    "openocd-src": {
      "flake": false,
      "locked": {
        "lastModified": 1773844377,
        "narHash": "sha256-ezS0zTQhiOHoBrLpkluCRunJ2UhR+hDq7bcUpWZ9Chc=",
        "ref": "refs/heads/rpi-common",
        "rev": "acff23ffd100479d6481a1155123774b79a990b9",
        "revCount": 10980,
        "submodules": true,
        "type": "git",
        "url": "https://github.com/raspberrypi/openocd.git"
      },
      "original": {
        "submodules": true,
        "type": "git",
        "url": "https://github.com/raspberrypi/openocd.git"
      }
    },
    "pico-examples": {
      "flake": false,
      "locked": {
        "lastModified": 1753759046,
        "narHash": "sha256-VE6j+PpOW0U9twHWplINmUU7NMaaSn2EYtv3Qjo8J+E=",
        "ref": "refs/heads/master",
        "rev": "4c3a3dc0196dd426fddd709616d0da984e027bab",
        "revCount": 312,
        "type": "git",
        "url": "https://github.com/raspberrypi/pico-examples.git"
      },
      "original": {
        "type": "git",
        "url": "https://github.com/raspberrypi/pico-examples.git"
      }
    },
    "qmlmaterial": {
      "flake": false,
      "locked": {
        "lastModified": 1779644474,
        "narHash": "sha256-QFd/yIvODcxWrMCUcaiIKptFS9B/Wc3wDfxe07cNF9M=",
        "owner": "hypengw",
        "repo": "QmlMaterial",
        "rev": "8072ee668c08f8de59b4286cce56de5e3ea3af59",
        "type": "github"
      },
      "original": {
        "owner": "hypengw",
        "repo": "QmlMaterial",
        "type": "github"
      }
    },
    "root": {
      "inputs": {
        "flake-utils": "flake-utils",
        "freertos": "freertos",
        "nix-colors": "nix-colors",
        "nixpkgs": "nixpkgs",
        "nixpkgs-stable": "nixpkgs-stable",
        "openocd-src": "openocd-src",
        "pico-examples": "pico-examples",
        "qmlmaterial": "qmlmaterial"
      }
    },
    "systems": {
      "locked": {
        "lastModified": 1681028828,
        "narHash": "sha256-Vy1rq5AaRuLzOxct8nz4T6wlgyUR7zLU309k9mBC768=",
        "owner": "nix-systems",
        "repo": "default",
        "rev": "da67096a3b9bf56a91d16901293e51ba5b49a27e",
        "type": "github"
      },
      "original": {
        "owner": "nix-systems",
        "repo": "default",
        "type": "github"
      }
    }
  },
  "root": "root",
  "version": 7
}
